<?xml version="1.0" encoding="utf-8"?>
<Project ToolsVersion="4.0" xmlns="http://schemas.microsoft.com/developer/msbuild/2003">
  <ItemGroup>
    <Filter Include="源文件">
      <UniqueIdentifier>{4FC737F1-C7A5-4376-A066-2A32D752A2FF}</UniqueIdentifier>
      <Extensions>cpp;c;cc;cxx;def;odl;idl;hpj;bat;asm;asmx</Extensions>
    </Filter>
    <Filter Include="头文件">
      <UniqueIdentifier>{93995380-89BD-4b04-88EB-625FBE52EBFB}</UniqueIdentifier>
      <Extensions>h;hh;hpp;hxx;hm;inl;inc;xsd</Extensions>
    </Filter>
    <Filter Include="资源文件">
      <UniqueIdentifier>{67DA6AB6-F800-4c08-8B7A-83BB121AAD01}</UniqueIdentifier>
      <Extensions>rc;ico;cur;bmp;dlg;rc2;rct;bin;rgs;gif;jpg;jpeg;jpe;resx;tiff;tif;png;wav;mfcribbon-ms</Extensions>
    </Filter>
  </ItemGroup>
  <ItemGroup>
    <ClInclude Include="layer.h">
      <Filter>头文件</Filter>
    </ClInclude>
    <ClInclude Include="model.h">
      <Filter>头文件</Filter>
    </ClInclude>
    <ClInclude Include="ops.h">
      <Filter>头文件</Filter>
    </ClInclude>
    <ClInclude Include="optimizer.h">
      <Filter>头文件</Filter>
    </ClInclude>
    <ClInclude Include="shape.h">
      <Filter>头文件</Filter>
    </ClInclude>
    <ClInclude Include="tensor.h">
      <Filter>头文件</Filter>
    </ClInclude>
    <ClInclude Include="image.h">
      <Filter>头文件</Filter>
    </ClInclude>
    <ClInclude Include="graph.h">
      <Filter>头文件</Filter>
    </ClInclude>
  </ItemGroup>
  <ItemGroup>
    <ClCompile Include="layer.cpp">
      <Filter>源文件</Filter>
    </ClCompile>
    <ClCompile Include="main.cpp">
      <Filter>源文件</Filter>
    </ClCompile>
    <ClCompile Include="model.cpp">
      <Filter>源文件</Filter>
    </ClCompile>
    <ClCompile Include="tensor.cpp">
      <Filter>源文件</Filter>
    </ClCompile>
  </ItemGroup>
  <ItemGroup>
    <Text Include="softmax.txt">
      <Filter>资源文件</Filter>
    </Text>
    <Text Include="Text.txt">
      <Filter>资源文件</Filter>
    </Text>
    <Text Include="x_test.txt">
      <Filter>资源文件</Filter>
    </Text>
    <Text Include="x_train.txt">
      <Filter>资源文件</Filter>
    </Text>
    <Text Include="y_pred.txt">
      <Filter>资源文件</Filter>
    </Text>
    <Text Include="y_train.txt">
      <Filter>资源文件</Filter>
    </Text>
    <Text Include="y_train-one_hot.txt">
      <Filter>资源文件</Filter>
    </Text>
    <Text Include="mat.txt">
      <Filter>资源文件</Filter>
    </Text>
    <Text Include="filter.txt">
      <Filter>资源文件</Filter>
    </Text>
    <Text Include="pooling.txt">
      <Filter>资源文件</Filter>
    </Text>
    <Text Include="tensor.txt">
      <Filter>资源文件</Filter>
    </Text>
  </ItemGroup>
  <ItemGroup>
    <Image Include="timg.jpg">
      <Filter>资源文件</Filter>
    </Image>
  </ItemGroup>
</Project>